k8s.io/api v0.27.4 h1:0pCo/AN9hONazBKlNUdhQymmnfLRbSZjd5H5H3f0bSs=
k8s.io/api v0.27.4/go.mod h1:O3smaaX15NfxjzILfiln1D8Z3+gEYpjEpiNA/1EVK1Y=
k8s.io/apimachinery v0.27.4 h1:CdxflD4AF61yewuid0fLl6bM4a3q04jWel0IlP+aYjs=
k8s.io/apimachinery v0.27.4/go.mod h1:XNfZ6xklnMCOGGFNqXG7bUrQCoR04dh/E7FprV6pb+E=
